{
  "name": "interntest",
  "version": "1.0.0",
  "lockfileVersion": 3,
  "requires": true,
  "packages": {
    "": {
      "name": "interntest",
      "version": "1.0.0",
      "license": "ISC",
      "dependencies": {
        "compass": "^0.1.1"
      }
    },
    "node_modules/compass": {
      "version": "0.1.1",
      "resolved": "https://registry.npmjs.org/compass/-/compass-0.1.1.tgz",
      "integrity": "sha512-9z+RjcAGig6/9uAFeCbWajTvrye1u61ca5QrqN6JTrHRYOOgAKs33Xv/3/fODYthxWC2C97AE0e45PLETNRicg=="
    }
  }
}
